
Microsoft Visual Studio Solution File, Format Version 12.00
Project("{2150E333-8FDC-42A3-9474-1A3956D46DE8}") = "src", "src", "{2E7E1BFB-4F73-4B6B-BF3A-01A5AA5F1FE4}"
EndProject
Project("{2150E333-8FDC-42A3-9474-1A3956D46DE8}") = "tests", "tests", "{B79BF809-E7BB-4926-9E0A-5C50EE3E50B4}"
EndProject
Project("{FAE04EC0-301F-11D3-BF4B-00C04F79EFBC}") = "CashFlow.Domain", "src\CashFlow.Domain\CashFlow.Domain.csproj", "{16864672-D5A7-4CF3-BB45-5FC68D206B41}"
EndProject
Project("{FAE04EC0-301F-11D3-BF4B-00C04F79EFBC}") = "CashFlow.Communication", "src\CashFlow.Communication\CashFlow.Communication.csproj", "{1818B4E0-D95E-40F9-BA2E-414E9D422EFE}"
EndProject
Project("{FAE04EC0-301F-11D3-BF4B-00C04F79EFBC}") = "CashFlow.Application", "src\CashFlow.Application\CashFlow.Application.csproj", "{FB54B436-DA7B-4120-B395-0FD6CF6A3A1B}"
EndProject
Project("{FAE04EC0-301F-11D3-BF4B-00C04F79EFBC}") = "CashFlow.Infrastructure", "src\CashFlow.Infrastructure\CashFlow.Infrastructure.csproj", "{566E9F22-20B3-45B4-83C4-69D06CACEC6B}"
EndProject
Project("{FAE04EC0-301F-11D3-BF4B-00C04F79EFBC}") = "CashFlow.Exception", "src\CashFlow.Exception\CashFlow.Exception.csproj", "{91AF5D81-4390-4785-8421-DC8500C8E6AD}"
EndProject
Project("{FAE04EC0-301F-11D3-BF4B-00C04F79EFBC}") = "CashFlow.API", "src\CashFlow.API\CashFlow.API.csproj", "{1CC28739-75B3-40FB-8C36-4F5F0BBB6AFA}"
EndProject
Global
	GlobalSection(SolutionConfigurationPlatforms) = preSolution
		Debug|Any CPU = Debug|Any CPU
		Release|Any CPU = Release|Any CPU
	EndGlobalSection
	GlobalSection(NestedProjects) = preSolution
		{16864672-D5A7-4CF3-BB45-5FC68D206B41} = {2E7E1BFB-4F73-4B6B-BF3A-01A5AA5F1FE4}
		{1818B4E0-D95E-40F9-BA2E-414E9D422EFE} = {2E7E1BFB-4F73-4B6B-BF3A-01A5AA5F1FE4}
		{FB54B436-DA7B-4120-B395-0FD6CF6A3A1B} = {2E7E1BFB-4F73-4B6B-BF3A-01A5AA5F1FE4}
		{566E9F22-20B3-45B4-83C4-69D06CACEC6B} = {2E7E1BFB-4F73-4B6B-BF3A-01A5AA5F1FE4}
		{91AF5D81-4390-4785-8421-DC8500C8E6AD} = {2E7E1BFB-4F73-4B6B-BF3A-01A5AA5F1FE4}
		{1CC28739-75B3-40FB-8C36-4F5F0BBB6AFA} = {2E7E1BFB-4F73-4B6B-BF3A-01A5AA5F1FE4}
	EndGlobalSection
	GlobalSection(ProjectConfigurationPlatforms) = postSolution
		{16864672-D5A7-4CF3-BB45-5FC68D206B41}.Debug|Any CPU.ActiveCfg = Debug|Any CPU
		{16864672-D5A7-4CF3-BB45-5FC68D206B41}.Debug|Any CPU.Build.0 = Debug|Any CPU
		{16864672-D5A7-4CF3-BB45-5FC68D206B41}.Release|Any CPU.ActiveCfg = Release|Any CPU
		{16864672-D5A7-4CF3-BB45-5FC68D206B41}.Release|Any CPU.Build.0 = Release|Any CPU
		{1818B4E0-D95E-40F9-BA2E-414E9D422EFE}.Debug|Any CPU.ActiveCfg = Debug|Any CPU
		{1818B4E0-D95E-40F9-BA2E-414E9D422EFE}.Debug|Any CPU.Build.0 = Debug|Any CPU
		{1818B4E0-D95E-40F9-BA2E-414E9D422EFE}.Release|Any CPU.ActiveCfg = Release|Any CPU
		{1818B4E0-D95E-40F9-BA2E-414E9D422EFE}.Release|Any CPU.Build.0 = Release|Any CPU
		{FB54B436-DA7B-4120-B395-0FD6CF6A3A1B}.Debug|Any CPU.ActiveCfg = Debug|Any CPU
		{FB54B436-DA7B-4120-B395-0FD6CF6A3A1B}.Debug|Any CPU.Build.0 = Debug|Any CPU
		{FB54B436-DA7B-4120-B395-0FD6CF6A3A1B}.Release|Any CPU.ActiveCfg = Release|Any CPU
		{FB54B436-DA7B-4120-B395-0FD6CF6A3A1B}.Release|Any CPU.Build.0 = Release|Any CPU
		{566E9F22-20B3-45B4-83C4-69D06CACEC6B}.Debug|Any CPU.ActiveCfg = Debug|Any CPU
		{566E9F22-20B3-45B4-83C4-69D06CACEC6B}.Debug|Any CPU.Build.0 = Debug|Any CPU
		{566E9F22-20B3-45B4-83C4-69D06CACEC6B}.Release|Any CPU.ActiveCfg = Release|Any CPU
		{566E9F22-20B3-45B4-83C4-69D06CACEC6B}.Release|Any CPU.Build.0 = Release|Any CPU
		{91AF5D81-4390-4785-8421-DC8500C8E6AD}.Debug|Any CPU.ActiveCfg = Debug|Any CPU
		{91AF5D81-4390-4785-8421-DC8500C8E6AD}.Debug|Any CPU.Build.0 = Debug|Any CPU
		{91AF5D81-4390-4785-8421-DC8500C8E6AD}.Release|Any CPU.ActiveCfg = Release|Any CPU
		{91AF5D81-4390-4785-8421-DC8500C8E6AD}.Release|Any CPU.Build.0 = Release|Any CPU
		{1CC28739-75B3-40FB-8C36-4F5F0BBB6AFA}.Debug|Any CPU.ActiveCfg = Debug|Any CPU
		{1CC28739-75B3-40FB-8C36-4F5F0BBB6AFA}.Debug|Any CPU.Build.0 = Debug|Any CPU
		{1CC28739-75B3-40FB-8C36-4F5F0BBB6AFA}.Release|Any CPU.ActiveCfg = Release|Any CPU
		{1CC28739-75B3-40FB-8C36-4F5F0BBB6AFA}.Release|Any CPU.Build.0 = Release|Any CPU
	EndGlobalSection
EndGlobal
